
Microsoft Visual Studio Solution File, Format Version 12.00
# Visual Studio Version 16
VisualStudioVersion = 16.0.29911.84
MinimumVisualStudioVersion = 10.0.40219.1
Project("{FAE04EC0-301F-11D3-BF4B-00C04F79EFBC}") = "ControlePatrimonial", "ControlePatrimonial.csproj", "{AF213FC0-EECB-4189-A239-AD7E64913104}"
EndProject
Global
	GlobalSection(SolutionConfigurationPlatforms) = preSolution
		Debug|Any CPU = Debug|Any CPU
		Release|Any CPU = Release|Any CPU
	EndGlobalSection
	GlobalSection(ProjectConfigurationPlatforms) = postSolution
		{AF213FC0-EECB-4189-A239-AD7E64913104}.Debug|Any CPU.ActiveCfg = Debug|Any CPU
		{AF213FC0-EECB-4189-A239-AD7E64913104}.Debug|Any CPU.Build.0 = Debug|Any CPU
		{AF213FC0-EECB-4189-A239-AD7E64913104}.Release|Any CPU.ActiveCfg = Release|Any CPU
		{AF213FC0-EECB-4189-A239-AD7E64913104}.Release|Any CPU.Build.0 = Release|Any CPU
	EndGlobalSection
	GlobalSection(SolutionProperties) = preSolution
		HideSolutionNode = FALSE
	EndGlobalSection
	GlobalSection(ExtensibilityGlobals) = postSolution
		SolutionGuid = {D2CC1F5F-234A-4B82-AE3C-50D113A75808}
	EndGlobalSection
EndGlobal
